
Microsoft Visual Studio Solution File, Format Version 12.00
# Visual Studio Version 17
VisualStudioVersion = 17.0.31903.59
MinimumVisualStudioVersion = 10.0.40219.1
Project("{2150E333-8FDC-42A3-9474-1A3956D46DE8}") = "src", "src", "{827E0CD3-B72D-47B6-A68D-7590B98EB39B}"
EndProject
Project("{FAE04EC0-301F-11D3-BF4B-00C04F79EFBC}") = "Ticketing.Domain", "src\Ticketing.Domain\Ticketing.Domain.csproj", "{9176358F-10EF-4817-B861-E67B892E931D}"
EndProject
Project("{FAE04EC0-301F-11D3-BF4B-00C04F79EFBC}") = "Ticketing.Contracts", "src\Ticketing.Contracts\Ticketing.Contracts.csproj", "{06B0D5AE-C1E0-4D3C-86C5-BF8B42677560}"
EndProject
Project("{FAE04EC0-301F-11D3-BF4B-00C04F79EFBC}") = "Ticketing.Application", "src\Ticketing.Application\Ticketing.Application.csproj", "{E192CD3B-926D-4E29-A8E8-06497BDA4E20}"
EndProject
Project("{FAE04EC0-301F-11D3-BF4B-00C04F79EFBC}") = "Ticketing.Infrastructure", "src\Ticketing.Infrastructure\Ticketing.Infrastructure.csproj", "{B02697A2-0CAA-4025-A105-8BE231723F06}"
EndProject
Project("{FAE04EC0-301F-11D3-BF4B-00C04F79EFBC}") = "Ticketing.Api", "src\Ticketing.Api\Ticketing.Api.csproj", "{6E5FE9F3-962D-4B4E-B5E7-A59E5CD8ACAC}"
EndProject
Project("{FAE04EC0-301F-11D3-BF4B-00C04F79EFBC}") = "Ticketing.Front", "src\Ticketing.Front\Ticketing.Front.csproj", "{A07CE34B-A4FD-4A30-A817-1A3399CE41AE}"
EndProject
Global
	GlobalSection(SolutionConfigurationPlatforms) = preSolution
		Debug|Any CPU = Debug|Any CPU
		Debug|x64 = Debug|x64
		Debug|x86 = Debug|x86
		Release|Any CPU = Release|Any CPU
		Release|x64 = Release|x64
		Release|x86 = Release|x86
	EndGlobalSection
	GlobalSection(ProjectConfigurationPlatforms) = postSolution
		{9176358F-10EF-4817-B861-E67B892E931D}.Debug|Any CPU.ActiveCfg = Debug|Any CPU
		{9176358F-10EF-4817-B861-E67B892E931D}.Debug|Any CPU.Build.0 = Debug|Any CPU
		{9176358F-10EF-4817-B861-E67B892E931D}.Debug|x64.ActiveCfg = Debug|Any CPU
		{9176358F-10EF-4817-B861-E67B892E931D}.Debug|x64.Build.0 = Debug|Any CPU
		{9176358F-10EF-4817-B861-E67B892E931D}.Debug|x86.ActiveCfg = Debug|Any CPU
		{9176358F-10EF-4817-B861-E67B892E931D}.Debug|x86.Build.0 = Debug|Any CPU
		{9176358F-10EF-4817-B861-E67B892E931D}.Release|Any CPU.ActiveCfg = Release|Any CPU
		{9176358F-10EF-4817-B861-E67B892E931D}.Release|Any CPU.Build.0 = Release|Any CPU
		{9176358F-10EF-4817-B861-E67B892E931D}.Release|x64.ActiveCfg = Release|Any CPU
		{9176358F-10EF-4817-B861-E67B892E931D}.Release|x64.Build.0 = Release|Any CPU
		{9176358F-10EF-4817-B861-E67B892E931D}.Release|x86.ActiveCfg = Release|Any CPU
		{9176358F-10EF-4817-B861-E67B892E931D}.Release|x86.Build.0 = Release|Any CPU
		{06B0D5AE-C1E0-4D3C-86C5-BF8B42677560}.Debug|Any CPU.ActiveCfg = Debug|Any CPU
		{06B0D5AE-C1E0-4D3C-86C5-BF8B42677560}.Debug|Any CPU.Build.0 = Debug|Any CPU
		{06B0D5AE-C1E0-4D3C-86C5-BF8B42677560}.Debug|x64.ActiveCfg = Debug|Any CPU
		{06B0D5AE-C1E0-4D3C-86C5-BF8B42677560}.Debug|x64.Build.0 = Debug|Any CPU
		{06B0D5AE-C1E0-4D3C-86C5-BF8B42677560}.Debug|x86.ActiveCfg = Debug|Any CPU
		{06B0D5AE-C1E0-4D3C-86C5-BF8B42677560}.Debug|x86.Build.0 = Debug|Any CPU
		{06B0D5AE-C1E0-4D3C-86C5-BF8B42677560}.Release|Any CPU.ActiveCfg = Release|Any CPU
		{06B0D5AE-C1E0-4D3C-86C5-BF8B42677560}.Release|Any CPU.Build.0 = Release|Any CPU
		{06B0D5AE-C1E0-4D3C-86C5-BF8B42677560}.Release|x64.ActiveCfg = Release|Any CPU
		{06B0D5AE-C1E0-4D3C-86C5-BF8B42677560}.Release|x64.Build.0 = Release|Any CPU
		{06B0D5AE-C1E0-4D3C-86C5-BF8B42677560}.Release|x86.ActiveCfg = Release|Any CPU
		{06B0D5AE-C1E0-4D3C-86C5-BF8B42677560}.Release|x86.Build.0 = Release|Any CPU
		{E192CD3B-926D-4E29-A8E8-06497BDA4E20}.Debug|Any CPU.ActiveCfg = Debug|Any CPU
		{E192CD3B-926D-4E29-A8E8-06497BDA4E20}.Debug|Any CPU.Build.0 = Debug|Any CPU
		{E192CD3B-926D-4E29-A8E8-06497BDA4E20}.Debug|x64.ActiveCfg = Debug|Any CPU
		{E192CD3B-926D-4E29-A8E8-06497BDA4E20}.Debug|x64.Build.0 = Debug|Any CPU
		{E192CD3B-926D-4E29-A8E8-06497BDA4E20}.Debug|x86.ActiveCfg = Debug|Any CPU
		{E192CD3B-926D-4E29-A8E8-06497BDA4E20}.Debug|x86.Build.0 = Debug|Any CPU
		{E192CD3B-926D-4E29-A8E8-06497BDA4E20}.Release|Any CPU.ActiveCfg = Release|Any CPU
		{E192CD3B-926D-4E29-A8E8-06497BDA4E20}.Release|Any CPU.Build.0 = Release|Any CPU
		{E192CD3B-926D-4E29-A8E8-06497BDA4E20}.Release|x64.ActiveCfg = Release|Any CPU
		{E192CD3B-926D-4E29-A8E8-06497BDA4E20}.Release|x64.Build.0 = Release|Any CPU
		{E192CD3B-926D-4E29-A8E8-06497BDA4E20}.Release|x86.ActiveCfg = Release|Any CPU
		{E192CD3B-926D-4E29-A8E8-06497BDA4E20}.Release|x86.Build.0 = Release|Any CPU
		{B02697A2-0CAA-4025-A105-8BE231723F06}.Debug|Any CPU.ActiveCfg = Debug|Any CPU
		{B02697A2-0CAA-4025-A105-8BE231723F06}.Debug|Any CPU.Build.0 = Debug|Any CPU
		{B02697A2-0CAA-4025-A105-8BE231723F06}.Debug|x64.ActiveCfg = Debug|Any CPU
		{B02697A2-0CAA-4025-A105-8BE231723F06}.Debug|x64.Build.0 = Debug|Any CPU
		{B02697A2-0CAA-4025-A105-8BE231723F06}.Debug|x86.ActiveCfg = Debug|Any CPU
		{B02697A2-0CAA-4025-A105-8BE231723F06}.Debug|x86.Build.0 = Debug|Any CPU
		{B02697A2-0CAA-4025-A105-8BE231723F06}.Release|Any CPU.ActiveCfg = Release|Any CPU
		{B02697A2-0CAA-4025-A105-8BE231723F06}.Release|Any CPU.Build.0 = Release|Any CPU
		{B02697A2-0CAA-4025-A105-8BE231723F06}.Release|x64.ActiveCfg = Release|Any CPU
		{B02697A2-0CAA-4025-A105-8BE231723F06}.Release|x64.Build.0 = Release|Any CPU
		{B02697A2-0CAA-4025-A105-8BE231723F06}.Release|x86.ActiveCfg = Release|Any CPU
		{B02697A2-0CAA-4025-A105-8BE231723F06}.Release|x86.Build.0 = Release|Any CPU
		{6E5FE9F3-962D-4B4E-B5E7-A59E5CD8ACAC}.Debug|Any CPU.ActiveCfg = Debug|Any CPU
		{6E5FE9F3-962D-4B4E-B5E7-A59E5CD8ACAC}.Debug|Any CPU.Build.0 = Debug|Any CPU
		{6E5FE9F3-962D-4B4E-B5E7-A59E5CD8ACAC}.Debug|x64.ActiveCfg = Debug|Any CPU
		{6E5FE9F3-962D-4B4E-B5E7-A59E5CD8ACAC}.Debug|x64.Build.0 = Debug|Any CPU
		{6E5FE9F3-962D-4B4E-B5E7-A59E5CD8ACAC}.Debug|x86.ActiveCfg = Debug|Any CPU
		{6E5FE9F3-962D-4B4E-B5E7-A59E5CD8ACAC}.Debug|x86.Build.0 = Debug|Any CPU
		{6E5FE9F3-962D-4B4E-B5E7-A59E5CD8ACAC}.Release|Any CPU.ActiveCfg = Release|Any CPU
		{6E5FE9F3-962D-4B4E-B5E7-A59E5CD8ACAC}.Release|Any CPU.Build.0 = Release|Any CPU
		{6E5FE9F3-962D-4B4E-B5E7-A59E5CD8ACAC}.Release|x64.ActiveCfg = Release|Any CPU
		{6E5FE9F3-962D-4B4E-B5E7-A59E5CD8ACAC}.Release|x64.Build.0 = Release|Any CPU
		{6E5FE9F3-962D-4B4E-B5E7-A59E5CD8ACAC}.Release|x86.ActiveCfg = Release|Any CPU
		{6E5FE9F3-962D-4B4E-B5E7-A59E5CD8ACAC}.Release|x86.Build.0 = Release|Any CPU
		{A07CE34B-A4FD-4A30-A817-1A3399CE41AE}.Debug|Any CPU.ActiveCfg = Debug|Any CPU
		{A07CE34B-A4FD-4A30-A817-1A3399CE41AE}.Debug|Any CPU.Build.0 = Debug|Any CPU
		{A07CE34B-A4FD-4A30-A817-1A3399CE41AE}.Debug|x64.ActiveCfg = Debug|Any CPU
		{A07CE34B-A4FD-4A30-A817-1A3399CE41AE}.Debug|x64.Build.0 = Debug|Any CPU
		{A07CE34B-A4FD-4A30-A817-1A3399CE41AE}.Debug|x86.ActiveCfg = Debug|Any CPU
		{A07CE34B-A4FD-4A30-A817-1A3399CE41AE}.Debug|x86.Build.0 = Debug|Any CPU
		{A07CE34B-A4FD-4A30-A817-1A3399CE41AE}.Release|Any CPU.ActiveCfg = Release|Any CPU
		{A07CE34B-A4FD-4A30-A817-1A3399CE41AE}.Release|Any CPU.Build.0 = Release|Any CPU
		{A07CE34B-A4FD-4A30-A817-1A3399CE41AE}.Release|x64.ActiveCfg = Release|Any CPU
		{A07CE34B-A4FD-4A30-A817-1A3399CE41AE}.Release|x64.Build.0 = Release|Any CPU
		{A07CE34B-A4FD-4A30-A817-1A3399CE41AE}.Release|x86.ActiveCfg = Release|Any CPU
		{A07CE34B-A4FD-4A30-A817-1A3399CE41AE}.Release|x86.Build.0 = Release|Any CPU
	EndGlobalSection
	GlobalSection(SolutionProperties) = preSolution
		HideSolutionNode = FALSE
	EndGlobalSection
	GlobalSection(NestedProjects) = preSolution
		{9176358F-10EF-4817-B861-E67B892E931D} = {827E0CD3-B72D-47B6-A68D-7590B98EB39B}
		{06B0D5AE-C1E0-4D3C-86C5-BF8B42677560} = {827E0CD3-B72D-47B6-A68D-7590B98EB39B}
		{E192CD3B-926D-4E29-A8E8-06497BDA4E20} = {827E0CD3-B72D-47B6-A68D-7590B98EB39B}
		{B02697A2-0CAA-4025-A105-8BE231723F06} = {827E0CD3-B72D-47B6-A68D-7590B98EB39B}
		{6E5FE9F3-962D-4B4E-B5E7-A59E5CD8ACAC} = {827E0CD3-B72D-47B6-A68D-7590B98EB39B}
		{A07CE34B-A4FD-4A30-A817-1A3399CE41AE} = {827E0CD3-B72D-47B6-A68D-7590B98EB39B}
	EndGlobalSection
EndGlobal
